#
# This file is autogenerated by pip-compile with Python 3.12
# by the following command:
#
#    pip-compile --allow-unsafe --no-emit-index-url --output-file='src-tauri\sidecar\requirements-runtime.lock' --strip-extras 'src-tauri\sidecar\requirements.txt'
#
cffi==2.1.0
    # via cryptography
charset-normalizer==3.4.9
    # via pdfminer-six
colorama==0.4.6 ; platform_system == "Windows"
    # via tqdm
cryptography==49.0.0
    # via pdfminer-six
et-xmlfile==2.0.0
    # via openpyxl
flatbuffers==25.12.19
    # via onnxruntime
numpy==2.5.1
    # via
    #   onnxruntime
    #   opencv-python
    #   pandas
    #   rapidocr-onnxruntime
    #   shapely
onnxruntime==1.26.0
    # via
    #   -r src-tauri/sidecar/requirements.txt
    #   rapidocr-onnxruntime
opencv-python==5.0.0.93
    # via rapidocr-onnxruntime
openpyxl==3.1.5
    # via -r src-tauri/sidecar/requirements.txt
packaging==26.2
    # via onnxruntime
pandas==2.2.2
    # via -r src-tauri/sidecar/requirements.txt
pdfminer-six==20240706
    # via -r src-tauri/sidecar/requirements.txt
pillow==10.3.0
    # via
    #   -r src-tauri/sidecar/requirements.txt
    #   rapidocr-onnxruntime
protobuf==7.35.1
    # via onnxruntime
pyclipper==1.4.0
    # via rapidocr-onnxruntime
pycparser==3.0
    # via cffi
pypdf2==3.0.1
    # via -r src-tauri/sidecar/requirements.txt
pypdfium2==5.9.0
    # via -r src-tauri/sidecar/requirements.txt
python-dateutil==2.9.0.post0
    # via
    #   -r src-tauri/sidecar/requirements.txt
    #   pandas
pytz==2026.2
    # via pandas
pywin32==306 ; platform_system == "Windows"
    # via -r src-tauri/sidecar/requirements.txt
pyyaml==6.0.3
    # via rapidocr-onnxruntime
rapidocr-onnxruntime==1.4.4
    # via -r src-tauri/sidecar/requirements.txt
shapely==2.1.2
    # via rapidocr-onnxruntime
six==1.17.0
    # via
    #   python-dateutil
    #   rapidocr-onnxruntime
tqdm==4.68.4
    # via rapidocr-onnxruntime
tzdata==2026.3
    # via pandas
